	<Project xmlns="http://schemas.microsoft.com/developer/msbuild/2003">
		<PropertyGroup>
			<ProjectGuid>{7E95235E-8E0A-4C17-8149-242F14C8EAF3}</ProjectGuid>
			<ProjectVersion>13.4</ProjectVersion>
			<FrameworkType>VCL</FrameworkType>
			<MainSource>MapEditorTestApp_64.dpr</MainSource>
			<Base>True</Base>
			<Config Condition="'$(Config)'==''">Debug</Config>
			<Platform Condition="'$(Platform)'==''">Win64</Platform>
			<TargetedPlatforms>3</TargetedPlatforms>
			<AppType>Application</AppType>
		</PropertyGroup>
		<PropertyGroup Condition="'$(Config)'=='Base' or '$(Base)'!=''">
			<Base>true</Base>
		</PropertyGroup>
		<PropertyGroup Condition="('$(Platform)'=='Win64' and '$(Base)'=='true') or '$(Base_Win64)'!=''">
			<Base_Win64>true</Base_Win64>
			<CfgParent>Base</CfgParent>
			<Base>true</Base>
		</PropertyGroup>
		<PropertyGroup Condition="('$(Platform)'=='Win32' and '$(Base)'=='true') or '$(Base_Win32)'!=''">
			<Base_Win32>true</Base_Win32>
			<CfgParent>Base</CfgParent>
			<Base>true</Base>
		</PropertyGroup>
		<PropertyGroup Condition="'$(Config)'=='Debug' or '$(Cfg_1)'!=''">
			<Cfg_1>true</Cfg_1>
			<CfgParent>Base</CfgParent>
			<Base>true</Base>
		</PropertyGroup>
		<PropertyGroup Condition="('$(Platform)'=='Win64' and '$(Cfg_1)'=='true') or '$(Cfg_1_Win64)'!=''">
			<Cfg_1_Win64>true</Cfg_1_Win64>
			<CfgParent>Cfg_1</CfgParent>
			<Cfg_1>true</Cfg_1>
			<Base>true</Base>
		</PropertyGroup>
		<PropertyGroup Condition="('$(Platform)'=='Win32' and '$(Cfg_1)'=='true') or '$(Cfg_1_Win32)'!=''">
			<Cfg_1_Win32>true</Cfg_1_Win32>
			<CfgParent>Cfg_1</CfgParent>
			<Cfg_1>true</Cfg_1>
			<Base>true</Base>
		</PropertyGroup>
		<PropertyGroup Condition="'$(Config)'=='Release' or '$(Cfg_2)'!=''">
			<Cfg_2>true</Cfg_2>
			<CfgParent>Base</CfgParent>
			<Base>true</Base>
		</PropertyGroup>
		<PropertyGroup Condition="'$(Base)'!=''">
			<VerInfo_Keys>CompanyName=;FileDescription=;FileVersion=1.0.0.0;InternalName=;LegalCopyright=;LegalTrademarks=;OriginalFilename=;ProductName=;ProductVersion=1.0.0.0;Comments=</VerInfo_Keys>
			<DCC_UnitSearchPath>..\..\lib\FastMM4;..\_Common;..\AStar;..\..\lib\json;..\_Legacy\_include\Synapse;..\..\lib\delphiredisclient.2x\sources;$(DCC_UnitSearchPath)</DCC_UnitSearchPath>
			<Manifest_File>None</Manifest_File>
			<VerInfo_Locale>1049</VerInfo_Locale>
			<DCC_Namespace>System;Xml;Data;Datasnap;Web;Soap;Vcl;Vcl.Imaging;Vcl.Touch;Vcl.Samples;Vcl.Shell;$(DCC_Namespace)</DCC_Namespace>
			<Icon_MainIcon>$(BDS)\bin\delphi_PROJECTICON.ico</Icon_MainIcon>
			<DCC_UsePackage>AnyDAC_PhysADS_D16;AnyDAC_Comp_D16;fmx;AnyDAC_PhysPg_D16;IndySystem;AnyDAC_Phys_D16;AnyDAC_PhysDb2_D16;DBXInterBaseDriver;DataSnapCommon;DataSnapClient;DataSnapServer;DataSnapProviderClient;DbxCommonDriver;AnyDAC_PhysMSSQL_D16;dbxcds;AnyDAC_PhysTDBX_D16;DBXOracleDriver;CustomIPTransport;AnyDAC_PhysOracle_D16;dsnap;AnyDAC_PhysSQLITE_D16;fmxase;IndyCore;AnyDAC_PhysMySQL_D16;inetdbxpress;AnyDAC_PhysODBC_D16;IPIndyImpl;bindcompfmx;rtl;dbrtl;DbxClientDriver;bindcomp;inetdb;AnyDAC_PhysASA_D16;xmlrtl;ibxpress;IndyProtocols;DBXMySQLDriver;bindengine;soaprtl;DBXInformixDriver;AnyDAC_ComI_D16;DBXFirebirdDriver;inet;fmxobj;AnyDAC_PhysIB_D16;AnyDAC_PhysMSAcc_D16;DBXSybaseASADriver;fmxdae;AnyDAC_GUIxForms_D16;dbexpress;DataSnapIndy10ServerTransport;$(DCC_UsePackage)</DCC_UsePackage>
			<DCC_DcuOutput>.\$(Platform)\$(Config)</DCC_DcuOutput>
			<DCC_ExeOutput>.\$(Platform)\$(Config)</DCC_ExeOutput>
		</PropertyGroup>
		<PropertyGroup Condition="'$(Base_Win64)'!=''">
			<DCC_ExeOutput>..\..\bin\$(Platform)\$(Config)</DCC_ExeOutput>
			<DCC_UnitSearchPath>..\..\lib\delphiredisclient.1x\sources;$(DCC_UnitSearchPath)</DCC_UnitSearchPath>
			<VerInfo_IncludeVerInfo>true</VerInfo_IncludeVerInfo>
			<DCC_Namespace>Winapi;System.Win;Data.Win;Datasnap.Win;Web.Win;Soap.Win;Xml.Win;$(DCC_Namespace)</DCC_Namespace>
			<VerInfo_Locale>1033</VerInfo_Locale>
			<Manifest_File>$(BDS)\bin\default_app.manifest</Manifest_File>
			<DCC_UsePackage>dxdborRS16;dxPScxVGridLnkRS16;cxLibraryRS16;dxLayoutControlRS16;dxPScxPivotGridLnkRS16;dxCoreRS16;cxExportRS16;dxBarRS16;dxSkinsdxNavBarPainterRS16;cxSpreadSheetRS16;cxTreeListdxBarPopupMenuRS16;TeeDB;dxPsPrVwAdvRS16;vclib;cxPivotGridOLAPRS16;dxPSCoreRS16;dxPScxGridLnkRS16;cxPageControlRS16;dxRibbonRS16;DBXSybaseASEDriver;dxPScxTLLnkRS16;vclimg;cxTreeListRS16;dxComnRS16;vcldb;dxSkinsdxRibbonPainterRS16;vcldsnap;dxBarExtDBItemsRS16;DBXDb2Driver;dxSkinscxSchedulerPainterRS16;vcl;DBXMSSQLDriver;cxDataRS16;cxBarEditItemRS16;dxDockingRS16;cxPageControldxBarPopupMenuRS16;dxPSDBTeeChartRS16;cxSchedulerGridRS16;webdsnap;dxBarExtItemsRS16;dxtrmdRS16;dxSkinsdxDLPainterRS16;dxPSLnksRS16;dxPSTeeChartRS16;adortl;dxPSdxLCLnkRS16;cxVerticalGridRS16;dxorgcRS16;dxPScxExtCommonRS16;dxNavBarRS16;dxPSdxDBOCLnkRS16;dxSkinsdxBarPainterRS16;Tee;DBXOdbcDriver;dxdbtrRS16;dxSkinsCoreRS16;cxPivotGridChartRS16;dxmdsRS16;dxSpellCheckerRS16;cxGridRS16;dxSkinscxPCPainterRS16;dxPScxCommonRS16;cxEditorsRS16;TeeUI;vclactnband;cxPivotGridRS16;bindcompvcl;dxPScxSchedulerLnkRS16;dxPScxSSLnkRS16;dxPSdxDBTVLnkRS16;vclie;dxPSPrVwRibbonRS16;cxSchedulerRS16;vcltouch;websnap;VclSmp;dxTabbedMDIRS16;DataSnapConnectors;dxPSdxOCLnkRS16;dsnapcon;dxPSdxFCLnkRS16;dxThemeRS16;dcldxSkinsCoreRS16;dxPScxPCProdRS16;vclx;dxFlowChartRS16;dxGDIPlusRS16;dxBarDBNavRS16;$(DCC_UsePackage)</DCC_UsePackage>
		</PropertyGroup>
		<PropertyGroup Condition="'$(Base_Win32)'!=''">
			<DCC_UsePackage>dxdborRS16;dxPScxVGridLnkRS16;cxLibraryRS16;dxLayoutControlRS16;sdac160;dxPScxPivotGridLnkRS16;dxCoreRS16;cxExportRS16;ZComponent;dxBarRS16;dxSkinsdxNavBarPainterRS16;cxSpreadSheetRS16;cxTreeListdxBarPopupMenuRS16;TeeDB;sdacfmx160;dxPsPrVwAdvRS16;Rave100VCL;vclib;inetdbbde;cxPivotGridOLAPRS16;dxPSCoreRS16;dxPScxGridLnkRS16;cxPageControlRS16;dxRibbonRS16;DBXSybaseASEDriver;dxPScxTLLnkRS16;dacfmx160;vclimg;fmi;cxTreeListRS16;dxComnRS16;vcldb;dxSkinsdxRibbonPainterRS16;vcldsnap;dac160;dxBarExtDBItemsRS16;DBXDb2Driver;Intraweb_120_160;DCEF_XE2;ILSMapControl2;vclribbon;dxSkinscxSchedulerPainterRS16;vcl;CloudService;DBXMSSQLDriver;CodeSiteExpressPkg;FmxTeeUI;cxDataRS16;cxBarEditItemRS16;dxDockingRS16;cxPageControldxBarPopupMenuRS16;dxPSDBTeeChartRS16;cxSchedulerGridRS16;webdsnap;dxBarExtItemsRS16;dxtrmdRS16;dxSkinsdxDLPainterRS16;dxPSLnksRS16;sdacvcl160;dxPSTeeChartRS16;adortl;dxPSdxLCLnkRS16;cxVerticalGridRS16;dxorgcRS16;dxPScxExtCommonRS16;vcldbx;dxNavBarRS16;ZDbc;dxPSdxDBOCLnkRS16;dxSkinsdxBarPainterRS16;ZPlain;crcontrols160;Tee;DBXOdbcDriver;dxdbtrRS16;dxSkinsCoreRS16;svnui;mypak;cxPivotGridChartRS16;dxmdsRS16;dxSpellCheckerRS16;intrawebdb_120_160;cxGridRS16;dxSkinscxPCPainterRS16;dxPScxCommonRS16;cxEditorsRS16;TeeUI;FMXTee;vclactnband;cxPivotGridRS16;bindcompvcl;dxPScxSchedulerLnkRS16;dxPScxSSLnkRS16;dxPSdxDBTVLnkRS16;vclie;dxPSPrVwRibbonRS16;cxSchedulerRS16;ZCore;vcltouch;dacvcl160;websnap;VclSmp;dxTabbedMDIRS16;DataSnapConnectors;dxPSdxOCLnkRS16;dsnapcon;dxPSdxFCLnkRS16;dxThemeRS16;dcldxSkinsCoreRS16;dxPScxPCProdRS16;ZParseSql;vclx;svn;dxFlowChartRS16;bdertl;dxGDIPlusRS16;dxBarDBNavRS16;$(DCC_UsePackage)</DCC_UsePackage>
			<VerInfo_IncludeVerInfo>true</VerInfo_IncludeVerInfo>
			<DCC_Namespace>Winapi;System.Win;Data.Win;Datasnap.Win;Web.Win;Soap.Win;Xml.Win;Bde;$(DCC_Namespace)</DCC_Namespace>
			<VerInfo_Locale>1033</VerInfo_Locale>
			<Manifest_File>$(BDS)\bin\default_app.manifest</Manifest_File>
			<VerInfo_Keys>CompanyName=;FileDescription=;FileVersion=1.0.0.0;InternalName=;LegalCopyright=;LegalTrademarks=;OriginalFilename=;ProductName=;ProductVersion=1.0.0.0;Comments=</VerInfo_Keys>
		</PropertyGroup>
		<PropertyGroup Condition="'$(Cfg_1)'!=''">
			<DCC_Define>DEBUG;$(DCC_Define)</DCC_Define>
			<DCC_Optimize>false</DCC_Optimize>
			<DCC_GenerateStackFrames>true</DCC_GenerateStackFrames>
			<DCC_DebugInfoInExe>true</DCC_DebugInfoInExe>
			<DCC_RemoteDebug>true</DCC_RemoteDebug>
		</PropertyGroup>
		<PropertyGroup Condition="'$(Cfg_1_Win64)'!=''">
			<VerInfo_IncludeVerInfo>true</VerInfo_IncludeVerInfo>
			<DCC_ExeOutput>..\..\bin\$(Platform)\$(Config)</DCC_ExeOutput>
			<VerInfo_Locale>1033</VerInfo_Locale>
		</PropertyGroup>
		<PropertyGroup Condition="'$(Cfg_1_Win32)'!=''">
			<VerInfo_IncludeVerInfo>true</VerInfo_IncludeVerInfo>
			<DCC_UnitSearchPath>..\..\lib\delphiredisclient.1x\sources;$(DCC_UnitSearchPath)</DCC_UnitSearchPath>
			<VerInfo_Locale>1033</VerInfo_Locale>
			<DCC_ExeOutput>..\..\bin\$(Platform)\$(Config)\igf</DCC_ExeOutput>
			<DCC_RemoteDebug>false</DCC_RemoteDebug>
		</PropertyGroup>
		<PropertyGroup Condition="'$(Cfg_2)'!=''">
			<DCC_LocalDebugSymbols>false</DCC_LocalDebugSymbols>
			<DCC_Define>RELEASE;$(DCC_Define)</DCC_Define>
			<DCC_SymbolReferenceInfo>0</DCC_SymbolReferenceInfo>
			<DCC_DebugInformation>false</DCC_DebugInformation>
		</PropertyGroup>
		<ItemGroup>
			<DelphiCompile Include="$(MainSource)">
				<MainSource>MainSource</MainSource>
			</DelphiCompile>
			<DCCReference Include="uTest.pas">
				<Form>Form1</Form>
			</DCCReference>
			<DCCReference Include="IlsMapEditorWebModule.pas">
				<Form>getcover</Form>
				<DesignClass>TWebModule</DesignClass>
			</DCCReference>
			<DCCReference Include="UMapEditor.pas"/>
			<DCCReference Include="uZC.pas"/>
			<DCCReference Include="uSign.pas"/>
			<DCCReference Include="uSearchEdge.pas"/>
			<DCCReference Include="uGeneral.pas"/>
			<DCCReference Include="uSpeed.pas"/>
			<DCCReference Include="uLandMark.pas"/>
			<DCCReference Include="clMMTimer.pas"/>
			<DCCReference Include="..\_Common\AStar64.Files.pas"/>
			<DCCReference Include="..\AStar\LandmarkPathCalculator.pas"/>
			<DCCReference Include="..\AStar\VisualTester\AStar64.DynImport.pas"/>
			<DCCReference Include="..\AStar\AStar64.LandMark.pas"/>
			<BuildConfiguration Include="Release">
				<Key>Cfg_2</Key>
				<CfgParent>Base</CfgParent>
			</BuildConfiguration>
			<BuildConfiguration Include="Base">
				<Key>Base</Key>
			</BuildConfiguration>
			<BuildConfiguration Include="Debug">
				<Key>Cfg_1</Key>
				<CfgParent>Base</CfgParent>
			</BuildConfiguration>
		</ItemGroup>
		<ProjectExtensions>
			<Borland.Personality>Delphi.Personality.12</Borland.Personality>
			<Borland.ProjectType/>
			<BorlandProject>
				<Delphi.Personality>
					<VersionInfo>
						<VersionInfo Name="IncludeVerInfo">False</VersionInfo>
						<VersionInfo Name="AutoIncBuild">False</VersionInfo>
						<VersionInfo Name="MajorVer">1</VersionInfo>
						<VersionInfo Name="MinorVer">0</VersionInfo>
						<VersionInfo Name="Release">0</VersionInfo>
						<VersionInfo Name="Build">0</VersionInfo>
						<VersionInfo Name="Debug">False</VersionInfo>
						<VersionInfo Name="PreRelease">False</VersionInfo>
						<VersionInfo Name="Special">False</VersionInfo>
						<VersionInfo Name="Private">False</VersionInfo>
						<VersionInfo Name="DLL">False</VersionInfo>
						<VersionInfo Name="Locale">1049</VersionInfo>
						<VersionInfo Name="CodePage">1251</VersionInfo>
					</VersionInfo>
					<VersionInfoKeys>
						<VersionInfoKeys Name="CompanyName"/>
						<VersionInfoKeys Name="FileDescription"/>
						<VersionInfoKeys Name="FileVersion">1.0.0.0</VersionInfoKeys>
						<VersionInfoKeys Name="InternalName"/>
						<VersionInfoKeys Name="LegalCopyright"/>
						<VersionInfoKeys Name="LegalTrademarks"/>
						<VersionInfoKeys Name="OriginalFilename"/>
						<VersionInfoKeys Name="ProductName"/>
						<VersionInfoKeys Name="ProductVersion">1.0.0.0</VersionInfoKeys>
						<VersionInfoKeys Name="Comments"/>
					</VersionInfoKeys>
					<Excluded_Packages>
						<Excluded_Packages Name="$(BDSBIN)\dcloffice2k160.bpl">Microsoft Office 2000 Sample Automation Server Wrapper Components</Excluded_Packages>
						<Excluded_Packages Name="$(BDSBIN)\dclofficexp160.bpl">Microsoft Office XP Sample Automation Server Wrapper Components</Excluded_Packages>
						<Excluded_Packages Name="$(BDSBIN)\bcbie160.bpl">File c:\program files (x86)\embarcadero\rad studio\9.0\bin\bcbie160.bpl not found</Excluded_Packages>
						<Excluded_Packages Name="$(BDSBIN)\dclbcbsmp160.bpl">File c:\program files (x86)\embarcadero\rad studio\9.0\bin\dclbcbsmp160.bpl not found</Excluded_Packages>
						<Excluded_Packages Name="C:\Program Files (x86)\FastReports\LibD16\dclfs16.bpl">File C:\Program Files (x86)\FastReports\LibD16\dclfs16.bpl not found</Excluded_Packages>
						<Excluded_Packages Name="C:\Program Files (x86)\FastReports\LibD16\dclfrx16.bpl">File C:\Program Files (x86)\FastReports\LibD16\dclfrx16.bpl not found</Excluded_Packages>
						<Excluded_Packages Name="C:\Program Files (x86)\FastReports\LibD16\dclfsDB16.bpl">File C:\Program Files (x86)\FastReports\LibD16\dclfsDB16.bpl not found</Excluded_Packages>
						<Excluded_Packages Name="C:\Program Files (x86)\FastReports\LibD16\dclfrxDB16.bpl">File C:\Program Files (x86)\FastReports\LibD16\dclfrxDB16.bpl not found</Excluded_Packages>
						<Excluded_Packages Name="C:\Program Files (x86)\FastReports\LibD16\dclfrxe16.bpl">File C:\Program Files (x86)\FastReports\LibD16\dclfrxe16.bpl not found</Excluded_Packages>
						<Excluded_Packages Name="$(BDSBIN)\bcboffice2k160.bpl">File c:\program files (x86)\embarcadero\rad studio\9.0\bin\bcboffice2k160.bpl not found</Excluded_Packages>
						<Excluded_Packages Name="$(BDSBIN)\bcbofficexp160.bpl">File c:\program files (x86)\embarcadero\rad studio\9.0\bin\bcbofficexp160.bpl not found</Excluded_Packages>
					</Excluded_Packages>
					<Source>
						<Source Name="MainSource">MapEditorTestApp_64.dpr</Source>
					</Source>
				</Delphi.Personality>
				<Deployment/>
				<Platforms>
					<Platform value="Win64">True</Platform>
					<Platform value="Win32">True</Platform>
				</Platforms>
			</BorlandProject>
			<ProjectFileVersion>12</ProjectFileVersion>
		</ProjectExtensions>
		<Import Condition="Exists('$(BDS)\Bin\CodeGear.Delphi.Targets')" Project="$(BDS)\Bin\CodeGear.Delphi.Targets"/>
		<Import Condition="Exists('$(APPDATA)\Embarcadero\$(BDSAPPDATABASEDIR)\$(PRODUCTVERSION)\UserTools.proj')" Project="$(APPDATA)\Embarcadero\$(BDSAPPDATABASEDIR)\$(PRODUCTVERSION)\UserTools.proj"/>
	</Project>
